
Microsoft Visual Studio Solution File, Format Version 12.00
Project("{FAE04EC0-301F-11D3-BF4B-00C04F79EFBC}") = "GhostNetwork.Publications.Api", "GhostNetwork.Publications.Api\GhostNetwork.Publications.Api.csproj", "{5102882E-4B8F-4EF1-86D1-DAE368638D85}"
EndProject
Project("{2150E333-8FDC-42A3-9474-1A3956D46DE8}") = "Infrastructure", "Infrastructure", "{261609E2-39E1-4534-B90C-F4ACA2477AAE}"
EndProject
Project("{FAE04EC0-301F-11D3-BF4B-00C04F79EFBC}") = "GhostNetwork.Publications.MongoDb", "infrastructure\GhostNetwork.Publications.MongoDb\GhostNetwork.Publications.MongoDb.csproj", "{7734ADCA-3BFD-4B7F-A939-F50DE763F8F5}"
EndProject
Project("{FAE04EC0-301F-11D3-BF4B-00C04F79EFBC}") = "GhostNetwork.Publications.Domain", "GhostNetwork.Publications.Domain\GhostNetwork.Publications.Domain.csproj", "{C25C64A0-D311-4448-948A-A18085CA53B8}"
EndProject
Project("{2150E333-8FDC-42A3-9474-1A3956D46DE8}") = "SolutionItems", "SolutionItems", "{E69ED597-632D-4C27-A600-1CE51181A03F}"
ProjectSection(SolutionItems) = preProject
	docker-compose.yml = docker-compose.yml
	Dockerfile = Dockerfile
	GhostNetwork.ruleset = GhostNetwork.ruleset
	Readme.md = Readme.md
	dev-compose.yml = dev-compose.yml
EndProjectSection
EndProject
Project("{2150E333-8FDC-42A3-9474-1A3956D46DE8}") = "Tests", "Tests", "{A29DC94E-48FF-4E7D-9B53-9F2D39EA1A31}"
EndProject
Project("{FAE04EC0-301F-11D3-BF4B-00C04F79EFBC}") = "GhostNetwork.Publications.Domain.UnitTest", "tests\GhostNetwork.Publications.Domain.UnitTest\GhostNetwork.Publications.Domain.UnitTest.csproj", "{F0566F80-E9E3-463D-83BD-E22B54A1BBA2}"
EndProject
Global
	GlobalSection(SolutionConfigurationPlatforms) = preSolution
		Debug|Any CPU = Debug|Any CPU
		Release|Any CPU = Release|Any CPU
	EndGlobalSection
	GlobalSection(ProjectConfigurationPlatforms) = postSolution
		{5102882E-4B8F-4EF1-86D1-DAE368638D85}.Debug|Any CPU.ActiveCfg = Debug|Any CPU
		{5102882E-4B8F-4EF1-86D1-DAE368638D85}.Debug|Any CPU.Build.0 = Debug|Any CPU
		{5102882E-4B8F-4EF1-86D1-DAE368638D85}.Release|Any CPU.ActiveCfg = Release|Any CPU
		{5102882E-4B8F-4EF1-86D1-DAE368638D85}.Release|Any CPU.Build.0 = Release|Any CPU
		{7734ADCA-3BFD-4B7F-A939-F50DE763F8F5}.Debug|Any CPU.ActiveCfg = Debug|Any CPU
		{7734ADCA-3BFD-4B7F-A939-F50DE763F8F5}.Debug|Any CPU.Build.0 = Debug|Any CPU
		{7734ADCA-3BFD-4B7F-A939-F50DE763F8F5}.Release|Any CPU.ActiveCfg = Release|Any CPU
		{7734ADCA-3BFD-4B7F-A939-F50DE763F8F5}.Release|Any CPU.Build.0 = Release|Any CPU
		{C25C64A0-D311-4448-948A-A18085CA53B8}.Debug|Any CPU.ActiveCfg = Debug|Any CPU
		{C25C64A0-D311-4448-948A-A18085CA53B8}.Debug|Any CPU.Build.0 = Debug|Any CPU
		{C25C64A0-D311-4448-948A-A18085CA53B8}.Release|Any CPU.ActiveCfg = Release|Any CPU
		{C25C64A0-D311-4448-948A-A18085CA53B8}.Release|Any CPU.Build.0 = Release|Any CPU
		{F0566F80-E9E3-463D-83BD-E22B54A1BBA2}.Debug|Any CPU.ActiveCfg = Debug|Any CPU
		{F0566F80-E9E3-463D-83BD-E22B54A1BBA2}.Debug|Any CPU.Build.0 = Debug|Any CPU
		{F0566F80-E9E3-463D-83BD-E22B54A1BBA2}.Release|Any CPU.ActiveCfg = Release|Any CPU
		{F0566F80-E9E3-463D-83BD-E22B54A1BBA2}.Release|Any CPU.Build.0 = Release|Any CPU
	EndGlobalSection
	GlobalSection(NestedProjects) = preSolution
		{7734ADCA-3BFD-4B7F-A939-F50DE763F8F5} = {261609E2-39E1-4534-B90C-F4ACA2477AAE}
		{F0566F80-E9E3-463D-83BD-E22B54A1BBA2} = {A29DC94E-48FF-4E7D-9B53-9F2D39EA1A31}
	EndGlobalSection
EndGlobal
