
Microsoft Visual Studio Solution File, Format Version 12.00
Project("{FAE04EC0-301F-11D3-BF4B-00C04F79EFBC}") = "GhostNetwork.Publications", "GhostNetwork.Publications\GhostNetwork.Publications.csproj", "{5102882E-4B8F-4EF1-86D1-DAE368638D85}"
EndProject
Global
	GlobalSection(SolutionConfigurationPlatforms) = preSolution
		Debug|Any CPU = Debug|Any CPU
		Release|Any CPU = Release|Any CPU
	EndGlobalSection
	GlobalSection(ProjectConfigurationPlatforms) = postSolution
		{5102882E-4B8F-4EF1-86D1-DAE368638D85}.Debug|Any CPU.ActiveCfg = Debug|Any CPU
		{5102882E-4B8F-4EF1-86D1-DAE368638D85}.Debug|Any CPU.Build.0 = Debug|Any CPU
		{5102882E-4B8F-4EF1-86D1-DAE368638D85}.Release|Any CPU.ActiveCfg = Release|Any CPU
		{5102882E-4B8F-4EF1-86D1-DAE368638D85}.Release|Any CPU.Build.0 = Release|Any CPU
	EndGlobalSection
EndGlobal
